<?xml version="1.0" encoding="utf-8"?>
<Project ToolsVersion="4.0" xmlns="http://schemas.microsoft.com/developer/msbuild/2003">
  <ItemGroup>
    <Filter Include="Source Files">
      <UniqueIdentifier>{4FC737F1-C7A5-4376-A066-2A32D752A2FF}</UniqueIdentifier>
      <Extensions>cpp;c;cc;cxx;def;odl;idl;hpj;bat;asm;asmx</Extensions>
    </Filter>
    <Filter Include="Header Files">
      <UniqueIdentifier>{93995380-89BD-4b04-88EB-625FBE52EBFB}</UniqueIdentifier>
      <Extensions>h;hpp;hxx;hm;inl;inc;xsd</Extensions>
    </Filter>
    <Filter Include="Resource Files">
      <UniqueIdentifier>{67DA6AB6-F800-4c08-8B7A-83BB121AAD01}</UniqueIdentifier>
      <Extensions>rc;ico;cur;bmp;dlg;rc2;rct;bin;rgs;gif;jpg;jpeg;jpe;resx;tiff;tif;png;wav</Extensions>
    </Filter>
  </ItemGroup>
  <ItemGroup>
    <ClCompile Include="common\circular_queue.cpp">
      <Filter>Source Files</Filter>
    </ClCompile>
    <ClCompile Include="common\ptr_circular_queue.cpp">
      <Filter>Source Files</Filter>
    </ClCompile>
    <ClCompile Include="test\circular_queue_test.cpp">
      <Filter>Source Files</Filter>
    </ClCompile>
    <ClCompile Include="common\mem_buffer.cpp">
      <Filter>Source Files</Filter>
    </ClCompile>
    <ClCompile Include="common\mem_pool.cpp">
      <Filter>Source Files</Filter>
    </ClCompile>
    <ClCompile Include="test\mem_pool_test\mem_pool_test.cpp">
      <Filter>Source Files</Filter>
    </ClCompile>
    <ClCompile Include="common\myrandom.cpp">
      <Filter>Source Files</Filter>
    </ClCompile>
    <ClCompile Include="common\mythread.cpp">
      <Filter>Source Files</Filter>
    </ClCompile>
    <ClCompile Include="test\circular_queue_test\circular_queue_test.cpp">
      <Filter>Source Files</Filter>
    </ClCompile>
    <ClCompile Include="test\ptr_circular_queue_test\ptr_circular_queue_test.cpp">
      <Filter>Source Files</Filter>
    </ClCompile>
    <ClCompile Include="common\log\logbase.cpp">
      <Filter>Source Files</Filter>
    </ClCompile>
    <ClCompile Include="common\log\logconsole.cpp">
      <Filter>Source Files</Filter>
    </ClCompile>
    <ClCompile Include="common\log\logfile.cpp">
      <Filter>Source Files</Filter>
    </ClCompile>
    <ClCompile Include="common\log\logmgr.cpp">
      <Filter>Source Files</Filter>
    </ClCompile>
    <ClCompile Include="test\log_test\log_test.cpp">
      <Filter>Source Files</Filter>
    </ClCompile>
  </ItemGroup>
  <ItemGroup>
    <ClInclude Include="common\circular_queue.h">
      <Filter>Header Files</Filter>
    </ClInclude>
    <ClInclude Include="common\ptr_circular_queue.h">
      <Filter>Header Files</Filter>
    </ClInclude>
    <ClInclude Include="common\mem_buffer.h">
      <Filter>Header Files</Filter>
    </ClInclude>
    <ClInclude Include="common\mem_pool.h">
      <Filter>Header Files</Filter>
    </ClInclude>
    <ClInclude Include="test\mem_pool_test\mem_pool_test.h">
      <Filter>Header Files</Filter>
    </ClInclude>
    <ClInclude Include="common\myrandom.h">
      <Filter>Header Files</Filter>
    </ClInclude>
    <ClInclude Include="common\mythread.h">
      <Filter>Header Files</Filter>
    </ClInclude>
    <ClInclude Include="test\circular_queue_test\circular_queue_test.h">
      <Filter>Header Files</Filter>
    </ClInclude>
    <ClInclude Include="test\ptr_circular_queue_test\ptr_circular_queue_test.h">
      <Filter>Header Files</Filter>
    </ClInclude>
    <ClInclude Include="common\log\logbase.h">
      <Filter>Header Files</Filter>
    </ClInclude>
    <ClInclude Include="common\log\logconsole.h">
      <Filter>Header Files</Filter>
    </ClInclude>
    <ClInclude Include="common\log\logfile.h">
      <Filter>Header Files</Filter>
    </ClInclude>
    <ClInclude Include="common\log\logmgr.h">
      <Filter>Header Files</Filter>
    </ClInclude>
    <ClInclude Include="common\singleton.h">
      <Filter>Header Files</Filter>
    </ClInclude>
    <ClInclude Include="common\log\logmacro.h">
      <Filter>Header Files</Filter>
    </ClInclude>
    <ClInclude Include="test\log_test\log_test.h">
      <Filter>Header Files</Filter>
    </ClInclude>
  </ItemGroup>
</Project>